
Microsoft Visual Studio Solution File, Format Version 12.00
# Visual Studio Version 17
VisualStudioVersion = 17.5.002.0
MinimumVisualStudioVersion = 10.0.40219.1
Project("{9A19103F-16F7-4668-BE54-9A1E7A4F7556}") = "ProjetStage2", "ProjetStage2.csproj", "{F47BA857-2FD5-4725-8EDC-B52672249269}"
EndProject
Global
	GlobalSection(SolutionConfigurationPlatforms) = preSolution
		Debug|Any CPU = Debug|Any CPU
		Release|Any CPU = Release|Any CPU
	EndGlobalSection
	GlobalSection(ProjectConfigurationPlatforms) = postSolution
		{F47BA857-2FD5-4725-8EDC-B52672249269}.Debug|Any CPU.ActiveCfg = Debug|Any CPU
		{F47BA857-2FD5-4725-8EDC-B52672249269}.Debug|Any CPU.Build.0 = Debug|Any CPU
		{F47BA857-2FD5-4725-8EDC-B52672249269}.Release|Any CPU.ActiveCfg = Release|Any CPU
		{F47BA857-2FD5-4725-8EDC-B52672249269}.Release|Any CPU.Build.0 = Release|Any CPU
	EndGlobalSection
	GlobalSection(SolutionProperties) = preSolution
		HideSolutionNode = FALSE
	EndGlobalSection
	GlobalSection(ExtensibilityGlobals) = postSolution
		SolutionGuid = {CE63042A-C508-47B6-81D3-D896BD6A1448}
	EndGlobalSection
EndGlobal
